
Microsoft Visual Studio Solution File, Format Version 12.00
# Visual Studio 14
VisualStudioVersion = 14.0.25420.1
MinimumVisualStudioVersion = 10.0.40219.1
Project("{FAE04EC0-301F-11D3-BF4B-00C04F79EFBC}") = "RepoMakerTool", "RepoMakerTool\RepoMakerTool.csproj", "{2D728BB2-2423-4701-95B8-89F643EAD96E}"
EndProject
Global
	GlobalSection(SolutionConfigurationPlatforms) = preSolution
		Debug|Any CPU = Debug|Any CPU
		Release|Any CPU = Release|Any CPU
	EndGlobalSection
	GlobalSection(ProjectConfigurationPlatforms) = postSolution
		{2D728BB2-2423-4701-95B8-89F643EAD96E}.Debug|Any CPU.ActiveCfg = Debug|Any CPU
		{2D728BB2-2423-4701-95B8-89F643EAD96E}.Debug|Any CPU.Build.0 = Debug|Any CPU
		{2D728BB2-2423-4701-95B8-89F643EAD96E}.Release|Any CPU.ActiveCfg = Release|Any CPU
		{2D728BB2-2423-4701-95B8-89F643EAD96E}.Release|Any CPU.Build.0 = Release|Any CPU
	EndGlobalSection
	GlobalSection(SolutionProperties) = preSolution
		HideSolutionNode = FALSE
	EndGlobalSection
EndGlobal
